github.com/gorilla/mux v1.8.0 h1:i40aqfkR1h2SlN9hojwV5ZA91wcXFOvkdNIeFDP5koI=
github.com/gorilla/mux v1.8.0/go.mod h1:DVbg23sWSpFRCP0SfiEN6jmj59UnW/n46BH5rLB71So=
github.com/harrycoa/apiUsuarios v0.0.0-20220212163706-4a44dc4d7d33 h1:PwAUk3dggz6PPRkF8QaSmCGSILAwbQKG7xXQ53bnjA8=
github.com/harrycoa/apiUsuarios v0.0.0-20220212163706-4a44dc4d7d33/go.mod h1:CTSXJS644ZqxXHFcJi8GsolcMiEQp1BfaExLoA6WCiw=
